// !$*UTF8*$!
{
	archiveVersion = 1;
	classes = {
	};
	objectVersion = 50;
	objects = {

/* Begin PBXBuildFile section */
		8D8073A522C7993900C4262E /* AppDelegate.swift in Sources */ = {isa = PBXBuildFile; fileRef = 8D8073A422C7993900C4262E /* AppDelegate.swift */; };
		8D8073A722C7993900C4262E /* SceneDelegate.swift in Sources */ = {isa = PBXBuildFile; fileRef = 8D8073A622C7993900C4262E /* SceneDelegate.swift */; };
		8D8073A922C7993900C4262E /* ContentView.swift in Sources */ = {isa = PBXBuildFile; fileRef = 8D8073A822C7993900C4262E /* ContentView.swift */; };
		8D8073AB22C7993B00C4262E /* Assets.xcassets in Resources */ = {isa = PBXBuildFile; fileRef = 8D8073AA22C7993B00C4262E /* Assets.xcassets */; };
		8D8073AE22C7993B00C4262E /* Preview Assets.xcassets in Resources */ = {isa = PBXBuildFile; fileRef = 8D8073AD22C7993B00C4262E /* Preview Assets.xcassets */; };
		8D8073B122C7993B00C4262E /* LaunchScreen.storyboard in Resources */ = {isa = PBXBuildFile; fileRef = 8D8073AF22C7993B00C4262E /* LaunchScreen.storyboard */; };
		8D8073BC22C7993B00C4262E /* handeskTests.swift in Sources */ = {isa = PBXBuildFile; fileRef = 8D8073BB22C7993B00C4262E /* handeskTests.swift */; };
		8D8073C822C79C7C00C4262E /* TicketRow.swift in Sources */ = {isa = PBXBuildFile; fileRef = 8D8073C722C79C7C00C4262E /* TicketRow.swift */; };
		8D8073CB22C79C9E00C4262E /* Ticket.swift in Sources */ = {isa = PBXBuildFile; fileRef = 8D8073CA22C79C9E00C4262E /* Ticket.swift */; };
		8D8073CD22C79F0F00C4262E /* TicketComment.swift in Sources */ = {isa = PBXBuildFile; fileRef = 8D8073CC22C79F0F00C4262E /* TicketComment.swift */; };
		8DCAD2CD22C7A47200CE90A2 /* TicketsList.swift in Sources */ = {isa = PBXBuildFile; fileRef = 8DCAD2CC22C7A47200CE90A2 /* TicketsList.swift */; };
		8DCAD2CF22C7A74D00CE90A2 /* TicketDetail.swift in Sources */ = {isa = PBXBuildFile; fileRef = 8DCAD2CE22C7A74D00CE90A2 /* TicketDetail.swift */; };
		8DCAD2D122C7ADD900CE90A2 /* TicketStatus.swift in Sources */ = {isa = PBXBuildFile; fileRef = 8DCAD2D022C7ADD900CE90A2 /* TicketStatus.swift */; };
		8DCAD2D322C7AFD300CE90A2 /* StatusView.swift in Sources */ = {isa = PBXBuildFile; fileRef = 8DCAD2D222C7AFD300CE90A2 /* StatusView.swift */; };
		8DCAD2D522C7B17100CE90A2 /* PriorityView.swift in Sources */ = {isa = PBXBuildFile; fileRef = 8DCAD2D422C7B17100CE90A2 /* PriorityView.swift */; };
		8DCAD2D722C7B4C000CE90A2 /* Tickets.json in Resources */ = {isa = PBXBuildFile; fileRef = 8DCAD2D622C7B4C000CE90A2 /* Tickets.json */; };
		8DCAD2DA22C7BA0500CE90A2 /* Extensions.swift in Sources */ = {isa = PBXBuildFile; fileRef = 8DCAD2D922C7BA0500CE90A2 /* Extensions.swift */; };
		8DCAD2DD22C7BCF300CE90A2 /* Requester.swift in Sources */ = {isa = PBXBuildFile; fileRef = 8DCAD2DC22C7BCF300CE90A2 /* Requester.swift */; };
/* End PBXBuildFile section */

/* Begin PBXContainerItemProxy section */
		8D8073B822C7993B00C4262E /* PBXContainerItemProxy */ = {
			isa = PBXContainerItemProxy;
			containerPortal = 8D80739922C7993900C4262E /* Project object */;
			proxyType = 1;
			remoteGlobalIDString = 8D8073A022C7993900C4262E;
			remoteInfo = handesk;
		};
/* End PBXContainerItemProxy section */

/* Begin PBXFileReference section */
		8D8073A122C7993900C4262E /* handesk.app */ = {isa = PBXFileReference; explicitFileType = wrapper.application; includeInIndex = 0; path = handesk.app; sourceTree = BUILT_PRODUCTS_DIR; };
		8D8073A422C7993900C4262E /* AppDelegate.swift */ = {isa = PBXFileReference; lastKnownFileType = sourcecode.swift; path = AppDelegate.swift; sourceTree = "<group>"; };
		8D8073A622C7993900C4262E /* SceneDelegate.swift */ = {isa = PBXFileReference; lastKnownFileType = sourcecode.swift; path = SceneDelegate.swift; sourceTree = "<group>"; };
		8D8073A822C7993900C4262E /* ContentView.swift */ = {isa = PBXFileReference; lastKnownFileType = sourcecode.swift; path = ContentView.swift; sourceTree = "<group>"; };
		8D8073AA22C7993B00C4262E /* Assets.xcassets */ = {isa = PBXFileReference; lastKnownFileType = folder.assetcatalog; path = Assets.xcassets; sourceTree = "<group>"; };
		8D8073AD22C7993B00C4262E /* Preview Assets.xcassets */ = {isa = PBXFileReference; lastKnownFileType = folder.assetcatalog; path = "Preview Assets.xcassets"; sourceTree = "<group>"; };
		8D8073B022C7993B00C4262E /* Base */ = {isa = PBXFileReference; lastKnownFileType = file.storyboard; name = Base; path = Base.lproj/LaunchScreen.storyboard; sourceTree = "<group>"; };
		8D8073B222C7993B00C4262E /* Info.plist */ = {isa = PBXFileReference; lastKnownFileType = text.plist.xml; path = Info.plist; sourceTree = "<group>"; };
		8D8073B722C7993B00C4262E /* handeskTests.xctest */ = {isa = PBXFileReference; explicitFileType = wrapper.cfbundle; includeInIndex = 0; path = handeskTests.xctest; sourceTree = BUILT_PRODUCTS_DIR; };
		8D8073BB22C7993B00C4262E /* handeskTests.swift */ = {isa = PBXFileReference; lastKnownFileType = sourcecode.swift; path = handeskTests.swift; sourceTree = "<group>"; };
		8D8073BD22C7993B00C4262E /* Info.plist */ = {isa = PBXFileReference; lastKnownFileType = text.plist.xml; path = Info.plist; sourceTree = "<group>"; };
		8D8073C722C79C7C00C4262E /* TicketRow.swift */ = {isa = PBXFileReference; lastKnownFileType = sourcecode.swift; path = TicketRow.swift; sourceTree = "<group>"; };
		8D8073CA22C79C9E00C4262E /* Ticket.swift */ = {isa = PBXFileReference; lastKnownFileType = sourcecode.swift; path = Ticket.swift; sourceTree = "<group>"; };
		8D8073CC22C79F0F00C4262E /* TicketComment.swift */ = {isa = PBXFileReference; lastKnownFileType = sourcecode.swift; path = TicketComment.swift; sourceTree = "<group>"; };
		8DCAD2CC22C7A47200CE90A2 /* TicketsList.swift */ = {isa = PBXFileReference; lastKnownFileType = sourcecode.swift; path = TicketsList.swift; sourceTree = "<group>"; };
		8DCAD2CE22C7A74D00CE90A2 /* TicketDetail.swift */ = {isa = PBXFileReference; lastKnownFileType = sourcecode.swift; path = TicketDetail.swift; sourceTree = "<group>"; };
		8DCAD2D022C7ADD900CE90A2 /* TicketStatus.swift */ = {isa = PBXFileReference; lastKnownFileType = sourcecode.swift; path = TicketStatus.swift; sourceTree = "<group>"; };
		8DCAD2D222C7AFD300CE90A2 /* StatusView.swift */ = {isa = PBXFileReference; lastKnownFileType = sourcecode.swift; path = StatusView.swift; sourceTree = "<group>"; };
		8DCAD2D422C7B17100CE90A2 /* PriorityView.swift */ = {isa = PBXFileReference; lastKnownFileType = sourcecode.swift; path = PriorityView.swift; sourceTree = "<group>"; };
		8DCAD2D622C7B4C000CE90A2 /* Tickets.json */ = {isa = PBXFileReference; lastKnownFileType = text.json; path = Tickets.json; sourceTree = "<group>"; };
		8DCAD2D922C7BA0500CE90A2 /* Extensions.swift */ = {isa = PBXFileReference; lastKnownFileType = sourcecode.swift; path = Extensions.swift; sourceTree = "<group>"; };
		8DCAD2DC22C7BCF300CE90A2 /* Requester.swift */ = {isa = PBXFileReference; lastKnownFileType = sourcecode.swift; path = Requester.swift; sourceTree = "<group>"; };
/* End PBXFileReference section */

/* Begin PBXFrameworksBuildPhase section */
		8D80739E22C7993900C4262E /* Frameworks */ = {
			isa = PBXFrameworksBuildPhase;
			buildActionMask = 2147483647;
			files = (
			);
			runOnlyForDeploymentPostprocessing = 0;
		};
		8D8073B422C7993B00C4262E /* Frameworks */ = {
			isa = PBXFrameworksBuildPhase;
			buildActionMask = 2147483647;
			files = (
			);
			runOnlyForDeploymentPostprocessing = 0;
		};
/* End PBXFrameworksBuildPhase section */

/* Begin PBXGroup section */
		8D80739822C7993900C4262E = {
			isa = PBXGroup;
			children = (
				8D8073A322C7993900C4262E /* handesk */,
				8D8073BA22C7993B00C4262E /* handeskTests */,
				8D8073A222C7993900C4262E /* Products */,
			);
			sourceTree = "<group>";
		};
		8D8073A222C7993900C4262E /* Products */ = {
			isa = PBXGroup;
			children = (
				8D8073A122C7993900C4262E /* handesk.app */,
				8D8073B722C7993B00C4262E /* handeskTests.xctest */,
			);
			name = Products;
			sourceTree = "<group>";
		};
		8D8073A322C7993900C4262E /* handesk */ = {
			isa = PBXGroup;
			children = (
				8DCAD2D822C7B9F600CE90A2 /* Helpers */,
				8D8073C922C79C9200C4262E /* Models */,
				8D8073C622C79C6B00C4262E /* Views */,
				8D8073A422C7993900C4262E /* AppDelegate.swift */,
				8D8073A622C7993900C4262E /* SceneDelegate.swift */,
				8D8073A822C7993900C4262E /* ContentView.swift */,
				8D8073AA22C7993B00C4262E /* Assets.xcassets */,
				8D8073AF22C7993B00C4262E /* LaunchScreen.storyboard */,
				8D8073B222C7993B00C4262E /* Info.plist */,
				8D8073AC22C7993B00C4262E /* Preview Content */,
			);
			path = handesk;
			sourceTree = "<group>";
		};
		8D8073AC22C7993B00C4262E /* Preview Content */ = {
			isa = PBXGroup;
			children = (
				8D8073AD22C7993B00C4262E /* Preview Assets.xcassets */,
				8DCAD2D622C7B4C000CE90A2 /* Tickets.json */,
			);
			path = "Preview Content";
			sourceTree = "<group>";
		};
		8D8073BA22C7993B00C4262E /* handeskTests */ = {
			isa = PBXGroup;
			children = (
				8D8073BB22C7993B00C4262E /* handeskTests.swift */,
				8D8073BD22C7993B00C4262E /* Info.plist */,
			);
			path = handeskTests;
			sourceTree = "<group>";
		};
		8D8073C622C79C6B00C4262E /* Views */ = {
			isa = PBXGroup;
			children = (
				8D8073C722C79C7C00C4262E /* TicketRow.swift */,
				8DCAD2CC22C7A47200CE90A2 /* TicketsList.swift */,
				8DCAD2CE22C7A74D00CE90A2 /* TicketDetail.swift */,
				8DCAD2D222C7AFD300CE90A2 /* StatusView.swift */,
				8DCAD2D422C7B17100CE90A2 /* PriorityView.swift */,
			);
			path = Views;
			sourceTree = "<group>";
		};
		8D8073C922C79C9200C4262E /* Models */ = {
			isa = PBXGroup;
			children = (
				8D8073CA22C79C9E00C4262E /* Ticket.swift */,
				8D8073CC22C79F0F00C4262E /* TicketComment.swift */,
				8DCAD2D022C7ADD900CE90A2 /* TicketStatus.swift */,
				8DCAD2DC22C7BCF300CE90A2 /* Requester.swift */,
			);
			path = Models;
			sourceTree = "<group>";
		};
		8DCAD2D822C7B9F600CE90A2 /* Helpers */ = {
			isa = PBXGroup;
			children = (
				8DCAD2D922C7BA0500CE90A2 /* Extensions.swift */,
			);
			path = Helpers;
			sourceTree = "<group>";
		};
/* End PBXGroup section */

/* Begin PBXNativeTarget section */
		8D8073A022C7993900C4262E /* handesk */ = {
			isa = PBXNativeTarget;
			buildConfigurationList = 8D8073C022C7993B00C4262E /* Build configuration list for PBXNativeTarget "handesk" */;
			buildPhases = (
				8D80739D22C7993900C4262E /* Sources */,
				8D80739E22C7993900C4262E /* Frameworks */,
				8D80739F22C7993900C4262E /* Resources */,
			);
			buildRules = (
			);
			dependencies = (
			);
			name = handesk;
			productName = handesk;
			productReference = 8D8073A122C7993900C4262E /* handesk.app */;
			productType = "com.apple.product-type.application";
		};
		8D8073B622C7993B00C4262E /* handeskTests */ = {
			isa = PBXNativeTarget;
			buildConfigurationList = 8D8073C322C7993B00C4262E /* Build configuration list for PBXNativeTarget "handeskTests" */;
			buildPhases = (
				8D8073B322C7993B00C4262E /* Sources */,
				8D8073B422C7993B00C4262E /* Frameworks */,
				8D8073B522C7993B00C4262E /* Resources */,
			);
			buildRules = (
			);
			dependencies = (
				8D8073B922C7993B00C4262E /* PBXTargetDependency */,
			);
			name = handeskTests;
			productName = handeskTests;
			productReference = 8D8073B722C7993B00C4262E /* handeskTests.xctest */;
			productType = "com.apple.product-type.bundle.unit-test";
		};
/* End PBXNativeTarget section */

/* Begin PBXProject section */
		8D80739922C7993900C4262E /* Project object */ = {
			isa = PBXProject;
			attributes = {
				LastSwiftUpdateCheck = 1100;
				LastUpgradeCheck = 1100;
				ORGANIZATIONNAME = "Revo Systems";
				TargetAttributes = {
					8D8073A022C7993900C4262E = {
						CreatedOnToolsVersion = 11.0;
					};
					8D8073B622C7993B00C4262E = {
						CreatedOnToolsVersion = 11.0;
						TestTargetID = 8D8073A022C7993900C4262E;
					};
				};
			};
			buildConfigurationList = 8D80739C22C7993900C4262E /* Build configuration list for PBXProject "handesk" */;
			compatibilityVersion = "Xcode 9.3";
			developmentRegion = en;
			hasScannedForEncodings = 0;
			knownRegions = (
				en,
				Base,
			);
			mainGroup = 8D80739822C7993900C4262E;
			productRefGroup = 8D8073A222C7993900C4262E /* Products */;
			projectDirPath = "";
			projectRoot = "";
			targets = (
				8D8073A022C7993900C4262E /* handesk */,
				8D8073B622C7993B00C4262E /* handeskTests */,
			);
		};
/* End PBXProject section */

/* Begin PBXResourcesBuildPhase section */
		8D80739F22C7993900C4262E /* Resources */ = {
			isa = PBXResourcesBuildPhase;
			buildActionMask = 2147483647;
			files = (
				8D8073B122C7993B00C4262E /* LaunchScreen.storyboard in Resources */,
				8D8073AE22C7993B00C4262E /* Preview Assets.xcassets in Resources */,
				8D8073AB22C7993B00C4262E /* Assets.xcassets in Resources */,
				8DCAD2D722C7B4C000CE90A2 /* Tickets.json in Resources */,
			);
			runOnlyForDeploymentPostprocessing = 0;
		};
		8D8073B522C7993B00C4262E /* Resources */ = {
			isa = PBXResourcesBuildPhase;
			buildActionMask = 2147483647;
			files = (
			);
			runOnlyForDeploymentPostprocessing = 0;
		};
/* End PBXResourcesBuildPhase section */

/* Begin PBXSourcesBuildPhase section */
		8D80739D22C7993900C4262E /* Sources */ = {
			isa = PBXSourcesBuildPhase;
			buildActionMask = 2147483647;
			files = (
				8D8073A522C7993900C4262E /* AppDelegate.swift in Sources */,
				8D8073CD22C79F0F00C4262E /* TicketComment.swift in Sources */,
				8DCAD2D122C7ADD900CE90A2 /* TicketStatus.swift in Sources */,
				8D8073A722C7993900C4262E /* SceneDelegate.swift in Sources */,
				8DCAD2D522C7B17100CE90A2 /* PriorityView.swift in Sources */,
				8DCAD2D322C7AFD300CE90A2 /* StatusView.swift in Sources */,
				8D8073CB22C79C9E00C4262E /* Ticket.swift in Sources */,
				8DCAD2DA22C7BA0500CE90A2 /* Extensions.swift in Sources */,
				8DCAD2CF22C7A74D00CE90A2 /* TicketDetail.swift in Sources */,
				8DCAD2CD22C7A47200CE90A2 /* TicketsList.swift in Sources */,
				8D8073C822C79C7C00C4262E /* TicketRow.swift in Sources */,
				8D8073A922C7993900C4262E /* ContentView.swift in Sources */,
				8DCAD2DD22C7BCF300CE90A2 /* Requester.swift in Sources */,
			);
			runOnlyForDeploymentPostprocessing = 0;
		};
		8D8073B322C7993B00C4262E /* Sources */ = {
			isa = PBXSourcesBuildPhase;
			buildActionMask = 2147483647;
			files = (
				8D8073BC22C7993B00C4262E /* handeskTests.swift in Sources */,
			);
			runOnlyForDeploymentPostprocessing = 0;
		};
/* End PBXSourcesBuildPhase section */

/* Begin PBXTargetDependency section */
		8D8073B922C7993B00C4262E /* PBXTargetDependency */ = {
			isa = PBXTargetDependency;
			target = 8D8073A022C7993900C4262E /* handesk */;
			targetProxy = 8D8073B822C7993B00C4262E /* PBXContainerItemProxy */;
		};
/* End PBXTargetDependency section */

/* Begin PBXVariantGroup section */
		8D8073AF22C7993B00C4262E /* LaunchScreen.storyboard */ = {
			isa = PBXVariantGroup;
			children = (
				8D8073B022C7993B00C4262E /* Base */,
			);
			name = LaunchScreen.storyboard;
			sourceTree = "<group>";
		};
/* End PBXVariantGroup section */

/* Begin XCBuildConfiguration section */
		8D8073BE22C7993B00C4262E /* Debug */ = {
			isa = XCBuildConfiguration;
			buildSettings = {
				ALWAYS_SEARCH_USER_PATHS = NO;
				CLANG_ANALYZER_NONNULL = YES;
				CLANG_ANALYZER_NUMBER_OBJECT_CONVERSION = YES_AGGRESSIVE;
				CLANG_CXX_LANGUAGE_STANDARD = "gnu++14";
				CLANG_CXX_LIBRARY = "libc++";
				CLANG_ENABLE_MODULES = YES;
				CLANG_ENABLE_OBJC_ARC = YES;
				CLANG_ENABLE_OBJC_WEAK = YES;
				CLANG_WARN_BLOCK_CAPTURE_AUTORELEASING = YES;
				CLANG_WARN_BOOL_CONVERSION = YES;
				CLANG_WARN_COMMA = YES;
				CLANG_WARN_CONSTANT_CONVERSION = YES;
				CLANG_WARN_DEPRECATED_OBJC_IMPLEMENTATIONS = YES;
				CLANG_WARN_DIRECT_OBJC_ISA_USAGE = YES_ERROR;
				CLANG_WARN_DOCUMENTATION_COMMENTS = YES;
				CLANG_WARN_EMPTY_BODY = YES;
				CLANG_WARN_ENUM_CONVERSION = YES;
				CLANG_WARN_INFINITE_RECURSION = YES;
				CLANG_WARN_INT_CONVERSION = YES;
				CLANG_WARN_NON_LITERAL_NULL_CONVERSION = YES;
				CLANG_WARN_OBJC_IMPLICIT_RETAIN_SELF = YES;
				CLANG_WARN_OBJC_LITERAL_CONVERSION = YES;
				CLANG_WARN_OBJC_ROOT_CLASS = YES_ERROR;
				CLANG_WARN_RANGE_LOOP_ANALYSIS = YES;
				CLANG_WARN_STRICT_PROTOTYPES = YES;
				CLANG_WARN_SUSPICIOUS_MOVE = YES;
				CLANG_WARN_UNGUARDED_AVAILABILITY = YES_AGGRESSIVE;
				CLANG_WARN_UNREACHABLE_CODE = YES;
				CLANG_WARN__DUPLICATE_METHOD_MATCH = YES;
				COPY_PHASE_STRIP = NO;
				DEBUG_INFORMATION_FORMAT = dwarf;
				ENABLE_STRICT_OBJC_MSGSEND = YES;
				ENABLE_TESTABILITY = YES;
				GCC_C_LANGUAGE_STANDARD = gnu11;
				GCC_DYNAMIC_NO_PIC = NO;
				GCC_NO_COMMON_BLOCKS = YES;
				GCC_OPTIMIZATION_LEVEL = 0;
				GCC_PREPROCESSOR_DEFINITIONS = (
					"DEBUG=1",
					"$(inherited)",
				);
				GCC_WARN_64_TO_32_BIT_CONVERSION = YES;
				GCC_WARN_ABOUT_RETURN_TYPE = YES_ERROR;
				GCC_WARN_UNDECLARED_SELECTOR = YES;
				GCC_WARN_UNINITIALIZED_AUTOS = YES_AGGRESSIVE;
				GCC_WARN_UNUSED_FUNCTION = YES;
				GCC_WARN_UNUSED_VARIABLE = YES;
				IPHONEOS_DEPLOYMENT_TARGET = 13.0;
				MTL_ENABLE_DEBUG_INFO = INCLUDE_SOURCE;
				MTL_FAST_MATH = YES;
				ONLY_ACTIVE_ARCH = YES;
				SDKROOT = iphoneos;
				SWIFT_ACTIVE_COMPILATION_CONDITIONS = DEBUG;
				SWIFT_OPTIMIZATION_LEVEL = "-Onone";
			};
			name = Debug;
		};
		8D8073BF22C7993B00C4262E /* Release */ = {
			isa = XCBuildConfiguration;
			buildSettings = {
				ALWAYS_SEARCH_USER_PATHS = NO;
				CLANG_ANALYZER_NONNULL = YES;
				CLANG_ANALYZER_NUMBER_OBJECT_CONVERSION = YES_AGGRESSIVE;
				CLANG_CXX_LANGUAGE_STANDARD = "gnu++14";
				CLANG_CXX_LIBRARY = "libc++";
				CLANG_ENABLE_MODULES = YES;
				CLANG_ENABLE_OBJC_ARC = YES;
				CLANG_ENABLE_OBJC_WEAK = YES;
				CLANG_WARN_BLOCK_CAPTURE_AUTORELEASING = YES;
				CLANG_WARN_BOOL_CONVERSION = YES;
				CLANG_WARN_COMMA = YES;
				CLANG_WARN_CONSTANT_CONVERSION = YES;
				CLANG_WARN_DEPRECATED_OBJC_IMPLEMENTATIONS = YES;
				CLANG_WARN_DIRECT_OBJC_ISA_USAGE = YES_ERROR;
				CLANG_WARN_DOCUMENTATION_COMMENTS = YES;
				CLANG_WARN_EMPTY_BODY = YES;
				CLANG_WARN_ENUM_CONVERSION = YES;
				CLANG_WARN_INFINITE_RECURSION = YES;
				CLANG_WARN_INT_CONVERSION = YES;
				CLANG_WARN_NON_LITERAL_NULL_CONVERSION = YES;
				CLANG_WARN_OBJC_IMPLICIT_RETAIN_SELF = YES;
				CLANG_WARN_OBJC_LITERAL_CONVERSION = YES;
				CLANG_WARN_OBJC_ROOT_CLASS = YES_ERROR;
				CLANG_WARN_RANGE_LOOP_ANALYSIS = YES;
				CLANG_WARN_STRICT_PROTOTYPES = YES;
				CLANG_WARN_SUSPICIOUS_MOVE = YES;
				CLANG_WARN_UNGUARDED_AVAILABILITY = YES_AGGRESSIVE;
				CLANG_WARN_UNREACHABLE_CODE = YES;
				CLANG_WARN__DUPLICATE_METHOD_MATCH = YES;
				COPY_PHASE_STRIP = NO;
				DEBUG_INFORMATION_FORMAT = "dwarf-with-dsym";
				ENABLE_NS_ASSERTIONS = NO;
				ENABLE_STRICT_OBJC_MSGSEND = YES;
				GCC_C_LANGUAGE_STANDARD = gnu11;
				GCC_NO_COMMON_BLOCKS = YES;
				GCC_WARN_64_TO_32_BIT_CONVERSION = YES;
				GCC_WARN_ABOUT_RETURN_TYPE = YES_ERROR;
				GCC_WARN_UNDECLARED_SELECTOR = YES;
				GCC_WARN_UNINITIALIZED_AUTOS = YES_AGGRESSIVE;
				GCC_WARN_UNUSED_FUNCTION = YES;
				GCC_WARN_UNUSED_VARIABLE = YES;
				IPHONEOS_DEPLOYMENT_TARGET = 13.0;
				MTL_ENABLE_DEBUG_INFO = NO;
				MTL_FAST_MATH = YES;
				SDKROOT = iphoneos;
				SWIFT_COMPILATION_MODE = wholemodule;
				SWIFT_OPTIMIZATION_LEVEL = "-O";
				VALIDATE_PRODUCT = YES;
			};
			name = Release;
		};
		8D8073C122C7993B00C4262E /* Debug */ = {
			isa = XCBuildConfiguration;
			buildSettings = {
				ASSETCATALOG_COMPILER_APPICON_NAME = AppIcon;
				CODE_SIGN_STYLE = Automatic;
				DEVELOPMENT_ASSET_PATHS = "handesk/Preview\\ Content";
				DEVELOPMENT_TEAM = F2VSE3YKKD;
				ENABLE_PREVIEWS = YES;
				INFOPLIST_FILE = handesk/Info.plist;
				LD_RUNPATH_SEARCH_PATHS = (
					"$(inherited)",
					"@executable_path/Frameworks",
				);
				PRODUCT_BUNDLE_IDENTIFIER = works.revo.handesk;
				PRODUCT_NAME = "$(TARGET_NAME)";
				SWIFT_VERSION = 5.0;
				TARGETED_DEVICE_FAMILY = "1,2";
			};
			name = Debug;
		};
		8D8073C222C7993B00C4262E /* Release */ = {
			isa = XCBuildConfiguration;
			buildSettings = {
				ASSETCATALOG_COMPILER_APPICON_NAME = AppIcon;
				CODE_SIGN_STYLE = Automatic;
				DEVELOPMENT_ASSET_PATHS = "handesk/Preview\\ Content";
				DEVELOPMENT_TEAM = F2VSE3YKKD;
				ENABLE_PREVIEWS = YES;
				INFOPLIST_FILE = handesk/Info.plist;
				LD_RUNPATH_SEARCH_PATHS = (
					"$(inherited)",
					"@executable_path/Frameworks",
				);
				PRODUCT_BUNDLE_IDENTIFIER = works.revo.handesk;
				PRODUCT_NAME = "$(TARGET_NAME)";
				SWIFT_VERSION = 5.0;
				TARGETED_DEVICE_FAMILY = "1,2";
			};
			name = Release;
		};
		8D8073C422C7993B00C4262E /* Debug */ = {
			isa = XCBuildConfiguration;
			buildSettings = {
				ALWAYS_EMBED_SWIFT_STANDARD_LIBRARIES = YES;
				BUNDLE_LOADER = "$(TEST_HOST)";
				CODE_SIGN_STYLE = Automatic;
				DEVELOPMENT_TEAM = F2VSE3YKKD;
				INFOPLIST_FILE = handeskTests/Info.plist;
				LD_RUNPATH_SEARCH_PATHS = (
					"$(inherited)",
					"@executable_path/Frameworks",
					"@loader_path/Frameworks",
				);
				PRODUCT_BUNDLE_IDENTIFIER = works.revo.handeskTests;
				PRODUCT_NAME = "$(TARGET_NAME)";
				SWIFT_VERSION = 5.0;
				TARGETED_DEVICE_FAMILY = "1,2";
				TEST_HOST = "$(BUILT_PRODUCTS_DIR)/handesk.app/handesk";
			};
			name = Debug;
		};
		8D8073C522C7993B00C4262E /* Release */ = {
			isa = XCBuildConfiguration;
			buildSettings = {
				ALWAYS_EMBED_SWIFT_STANDARD_LIBRARIES = YES;
				BUNDLE_LOADER = "$(TEST_HOST)";
				CODE_SIGN_STYLE = Automatic;
				DEVELOPMENT_TEAM = F2VSE3YKKD;
				INFOPLIST_FILE = handeskTests/Info.plist;
				LD_RUNPATH_SEARCH_PATHS = (
					"$(inherited)",
					"@executable_path/Frameworks",
					"@loader_path/Frameworks",
				);
				PRODUCT_BUNDLE_IDENTIFIER = works.revo.handeskTests;
				PRODUCT_NAME = "$(TARGET_NAME)";
				SWIFT_VERSION = 5.0;
				TARGETED_DEVICE_FAMILY = "1,2";
				TEST_HOST = "$(BUILT_PRODUCTS_DIR)/handesk.app/handesk";
			};
			name = Release;
		};
/* End XCBuildConfiguration section */

/* Begin XCConfigurationList section */
		8D80739C22C7993900C4262E /* Build configuration list for PBXProject "handesk" */ = {
			isa = XCConfigurationList;
			buildConfigurations = (
				8D8073BE22C7993B00C4262E /* Debug */,
				8D8073BF22C7993B00C4262E /* Release */,
			);
			defaultConfigurationIsVisible = 0;
			defaultConfigurationName = Release;
		};
		8D8073C022C7993B00C4262E /* Build configuration list for PBXNativeTarget "handesk" */ = {
			isa = XCConfigurationList;
			buildConfigurations = (
				8D8073C122C7993B00C4262E /* Debug */,
				8D8073C222C7993B00C4262E /* Release */,
			);
			defaultConfigurationIsVisible = 0;
			defaultConfigurationName = Release;
		};
		8D8073C322C7993B00C4262E /* Build configuration list for PBXNativeTarget "handeskTests" */ = {
			isa = XCConfigurationList;
			buildConfigurations = (
				8D8073C422C7993B00C4262E /* Debug */,
				8D8073C522C7993B00C4262E /* Release */,
			);
			defaultConfigurationIsVisible = 0;
			defaultConfigurationName = Release;
		};
/* End XCConfigurationList section */
	};
	rootObject = 8D80739922C7993900C4262E /* Project object */;
}
